
Microsoft Visual Studio Solution File, Format Version 12.00
# Visual Studio Version 16
VisualStudioVersion = 16.0.29102.190
MinimumVisualStudioVersion = 10.0.40219.1
Project("{9A19103F-16F7-4668-BE54-9A1E7A4F7556}") = "ApiGateway", "ApiGateway\ApiGateway.csproj", "{DAFC8904-22EC-445E-948E-EE08B9E5016E}"
EndProject
Project("{2150E333-8FDC-42A3-9474-1A3956D46DE8}") = "Solution Items", "Solution Items", "{87144386-DDE1-4942-83A8-1B91AE179CE9}"
	ProjectSection(SolutionItems) = preProject
		.gitignore = .gitignore
	EndProjectSection
EndProject
Project("{2150E333-8FDC-42A3-9474-1A3956D46DE8}") = "Ativos", "Ativos", "{670BE788-6922-46B5-A430-5261CCADEFCB}"
EndProject
Project("{2150E333-8FDC-42A3-9474-1A3956D46DE8}") = "Processos", "Processos", "{BA39C168-AFBA-4F8A-9732-04291C3DDE43}"
EndProject
Project("{2150E333-8FDC-42A3-9474-1A3956D46DE8}") = "Monitoramento", "Monitoramento", "{89035471-2816-413E-A953-896184D52548}"
EndProject
Project("{9A19103F-16F7-4668-BE54-9A1E7A4F7556}") = "ServidorMonitoramento", "Monitoramento\ServicoMonitoramento\ServidorMonitoramento.csproj", "{CBACCC82-940A-4411-805D-F4D5F44D4D65}"
EndProject
Project("{9A19103F-16F7-4668-BE54-9A1E7A4F7556}") = "ProcessosApi", "Processos\ProcessosApi\ProcessosApi.csproj", "{7E9C5A4F-2456-4470-99C5-8A08449A2139}"
EndProject
Project("{9A19103F-16F7-4668-BE54-9A1E7A4F7556}") = "Ativos.Infra", "Ativos\Ativos.Infra\Ativos.Infra.csproj", "{FF681112-C2DB-47BC-8F9A-B09F1BFABC2A}"
EndProject
Project("{9A19103F-16F7-4668-BE54-9A1E7A4F7556}") = "Ativos.Api", "Ativos\Ativos.Api\Ativos.Api.csproj", "{F3D46F2A-C697-4470-9534-43CB0482AA02}"
EndProject
Project("{9A19103F-16F7-4668-BE54-9A1E7A4F7556}") = "Ativos.Dominio", "Ativos\Ativos.Dominio\Ativos.Dominio.csproj", "{A5306CC0-C21C-4EFB-826C-902BCD3AD40A}"
EndProject
Project("{9A19103F-16F7-4668-BE54-9A1E7A4F7556}") = "Ativos.AgendadorManutencoes", "Ativos\Ativos.AgendadorManutencoes\Ativos.AgendadorManutencoes.csproj", "{355DBDB4-ABA4-4693-B13F-2A6522D19576}"
EndProject
Global
	GlobalSection(SolutionConfigurationPlatforms) = preSolution
		Debug|Any CPU = Debug|Any CPU
		Release|Any CPU = Release|Any CPU
	EndGlobalSection
	GlobalSection(ProjectConfigurationPlatforms) = postSolution
		{DAFC8904-22EC-445E-948E-EE08B9E5016E}.Debug|Any CPU.ActiveCfg = Debug|Any CPU
		{DAFC8904-22EC-445E-948E-EE08B9E5016E}.Debug|Any CPU.Build.0 = Debug|Any CPU
		{DAFC8904-22EC-445E-948E-EE08B9E5016E}.Release|Any CPU.ActiveCfg = Release|Any CPU
		{DAFC8904-22EC-445E-948E-EE08B9E5016E}.Release|Any CPU.Build.0 = Release|Any CPU
		{CBACCC82-940A-4411-805D-F4D5F44D4D65}.Debug|Any CPU.ActiveCfg = Debug|Any CPU
		{CBACCC82-940A-4411-805D-F4D5F44D4D65}.Debug|Any CPU.Build.0 = Debug|Any CPU
		{CBACCC82-940A-4411-805D-F4D5F44D4D65}.Release|Any CPU.ActiveCfg = Release|Any CPU
		{CBACCC82-940A-4411-805D-F4D5F44D4D65}.Release|Any CPU.Build.0 = Release|Any CPU
		{7E9C5A4F-2456-4470-99C5-8A08449A2139}.Debug|Any CPU.ActiveCfg = Debug|Any CPU
		{7E9C5A4F-2456-4470-99C5-8A08449A2139}.Debug|Any CPU.Build.0 = Debug|Any CPU
		{7E9C5A4F-2456-4470-99C5-8A08449A2139}.Release|Any CPU.ActiveCfg = Release|Any CPU
		{7E9C5A4F-2456-4470-99C5-8A08449A2139}.Release|Any CPU.Build.0 = Release|Any CPU
		{FF681112-C2DB-47BC-8F9A-B09F1BFABC2A}.Debug|Any CPU.ActiveCfg = Debug|Any CPU
		{FF681112-C2DB-47BC-8F9A-B09F1BFABC2A}.Debug|Any CPU.Build.0 = Debug|Any CPU
		{FF681112-C2DB-47BC-8F9A-B09F1BFABC2A}.Release|Any CPU.ActiveCfg = Release|Any CPU
		{FF681112-C2DB-47BC-8F9A-B09F1BFABC2A}.Release|Any CPU.Build.0 = Release|Any CPU
		{F3D46F2A-C697-4470-9534-43CB0482AA02}.Debug|Any CPU.ActiveCfg = Debug|Any CPU
		{F3D46F2A-C697-4470-9534-43CB0482AA02}.Debug|Any CPU.Build.0 = Debug|Any CPU
		{F3D46F2A-C697-4470-9534-43CB0482AA02}.Release|Any CPU.ActiveCfg = Release|Any CPU
		{F3D46F2A-C697-4470-9534-43CB0482AA02}.Release|Any CPU.Build.0 = Release|Any CPU
		{A5306CC0-C21C-4EFB-826C-902BCD3AD40A}.Debug|Any CPU.ActiveCfg = Debug|Any CPU
		{A5306CC0-C21C-4EFB-826C-902BCD3AD40A}.Debug|Any CPU.Build.0 = Debug|Any CPU
		{A5306CC0-C21C-4EFB-826C-902BCD3AD40A}.Release|Any CPU.ActiveCfg = Release|Any CPU
		{A5306CC0-C21C-4EFB-826C-902BCD3AD40A}.Release|Any CPU.Build.0 = Release|Any CPU
		{355DBDB4-ABA4-4693-B13F-2A6522D19576}.Debug|Any CPU.ActiveCfg = Debug|Any CPU
		{355DBDB4-ABA4-4693-B13F-2A6522D19576}.Debug|Any CPU.Build.0 = Debug|Any CPU
		{355DBDB4-ABA4-4693-B13F-2A6522D19576}.Release|Any CPU.ActiveCfg = Release|Any CPU
		{355DBDB4-ABA4-4693-B13F-2A6522D19576}.Release|Any CPU.Build.0 = Release|Any CPU
	EndGlobalSection
	GlobalSection(SolutionProperties) = preSolution
		HideSolutionNode = FALSE
	EndGlobalSection
	GlobalSection(NestedProjects) = preSolution
		{CBACCC82-940A-4411-805D-F4D5F44D4D65} = {89035471-2816-413E-A953-896184D52548}
		{7E9C5A4F-2456-4470-99C5-8A08449A2139} = {BA39C168-AFBA-4F8A-9732-04291C3DDE43}
		{FF681112-C2DB-47BC-8F9A-B09F1BFABC2A} = {670BE788-6922-46B5-A430-5261CCADEFCB}
		{F3D46F2A-C697-4470-9534-43CB0482AA02} = {670BE788-6922-46B5-A430-5261CCADEFCB}
		{A5306CC0-C21C-4EFB-826C-902BCD3AD40A} = {670BE788-6922-46B5-A430-5261CCADEFCB}
		{355DBDB4-ABA4-4693-B13F-2A6522D19576} = {670BE788-6922-46B5-A430-5261CCADEFCB}
	EndGlobalSection
	GlobalSection(ExtensibilityGlobals) = postSolution
		SolutionGuid = {FCFAAAFC-6FBA-428D-95DF-6089D08F0C9A}
	EndGlobalSection
EndGlobal
